<?xml version="1.0" encoding="UTF-8"?>
<CodeBlocks_project_file>
	<FileVersion major="1" minor="6"/>
	<Project>
		<Option title="EyeTracking"/>
		<Option makefile_is_custom="1"/>
		<Option compiler="gcc"/>
		<Option virtualFolders="CMake Files\;CMake Files\..\;CMake Files\..\..\;CMake Files\..\..\..\;CMake Files\..\..\..\..\;CMake Files\..\..\..\..\..\;CMake Files\..\..\..\..\..\..\;CMake Files\..\..\..\..\..\..\..\;CMake Files\..\..\..\..\..\..\..\..\;CMake Files\..\..\..\..\..\..\..\..\..\;CMake Files\..\..\..\..\..\..\..\..\..\Qt\;CMake Files\..\..\..\..\..\..\..\..\..\Qt\5.10.0\;CMake Files\..\..\..\..\..\..\..\..\..\Qt\5.10.0\mingw53_32\;CMake Files\..\..\..\..\..\..\..\..\..\Qt\5.10.0\mingw53_32\lib\;CMake Files\..\..\..\..\..\..\..\..\..\Qt\5.10.0\mingw53_32\lib\cmake\;CMake Files\..\..\..\..\..\..\..\..\..\Qt\5.10.0\mingw53_32\lib\cmake\Qt5Core\;CMake Files\..\..\..\..\..\..\..\..\..\Qt\5.10.0\mingw53_32\lib\cmake\Qt5Widgets\;CMake Files\..\..\..\..\..\..\..\..\..\Qt\5.10.0\mingw53_32\lib\cmake\Qt5Gui\;CMake Files\..\..\..\..\..\..\..\Documents\;CMake Files\..\..\..\..\..\..\..\Documents\opencv\;CMake Files\..\..\..\..\..\..\..\Documents\opencv\release\;"/>
		<Build>
			<Target title="all">
				<Option working_dir="C:/Users/THP/Desktop/Unibern/2018_02/Subjects/C_plus_plus_II/Project_Pincinato/build-EyeTracking-Desktop_Qt_5_10_0_MinGW_32bit-Default"/>
				<Option type="4"/>
				<MakeCommands>
					<Build command="C:/Qt/Tools/mingw530_32/bin/mingw32-make.exe -f &quot;C:/Users/THP/Desktop/Unibern/2018_02/Subjects/C_plus_plus_II/Project_Pincinato/build-EyeTracking-Desktop_Qt_5_10_0_MinGW_32bit-Default/Makefile&quot;  VERBOSE=1 all"/>
					<CompileFile command="C:/Qt/Tools/mingw530_32/bin/mingw32-make.exe -f &quot;C:/Users/THP/Desktop/Unibern/2018_02/Subjects/C_plus_plus_II/Project_Pincinato/build-EyeTracking-Desktop_Qt_5_10_0_MinGW_32bit-Default/Makefile&quot;  VERBOSE=1 &quot;$file&quot;"/>
					<Clean command="C:/Qt/Tools/mingw530_32/bin/mingw32-make.exe -f &quot;C:/Users/THP/Desktop/Unibern/2018_02/Subjects/C_plus_plus_II/Project_Pincinato/build-EyeTracking-Desktop_Qt_5_10_0_MinGW_32bit-Default/Makefile&quot;  VERBOSE=1 clean"/>
					<DistClean command="C:/Qt/Tools/mingw530_32/bin/mingw32-make.exe -f &quot;C:/Users/THP/Desktop/Unibern/2018_02/Subjects/C_plus_plus_II/Project_Pincinato/build-EyeTracking-Desktop_Qt_5_10_0_MinGW_32bit-Default/Makefile&quot;  VERBOSE=1 clean"/>
				</MakeCommands>
			</Target>
			<Target title="PCP">
				<Option output="C:/Users/THP/Desktop/Unibern/2018_02/Subjects/C_plus_plus_II/Project_Pincinato/build-EyeTracking-Desktop_Qt_5_10_0_MinGW_32bit-Default/PCP.exe" prefix_auto="0" extension_auto="0"/>
				<Option working_dir="C:/Users/THP/Desktop/Unibern/2018_02/Subjects/C_plus_plus_II/Project_Pincinato/build-EyeTracking-Desktop_Qt_5_10_0_MinGW_32bit-Default"/>
				<Option object_output="./"/>
				<Option type="1"/>
				<Option compiler="gcc"/>
				<Compiler>
					<Add option="-DQT_WIDGETS_LIB"/>
					<Add option="-DQT_GUI_LIB"/>
					<Add option="-DQT_CORE_LIB"/>
					<Add option="-DQT_NO_DEBUG"/>
					<Add directory="C:/Users/THP/Desktop/Unibern/2018_02/Subjects/C_plus_plus_II/Project_Pincinato/build-EyeTracking-Desktop_Qt_5_10_0_MinGW_32bit-Default"/>
					<Add directory="C:/Users/THP/Desktop/Unibern/2018_02/Subjects/C_plus_plus_II/Project_Pincinato/EyeTracking"/>
					<Add directory="C:/Users/THP/Desktop/Unibern/2018_02/Subjects/C_plus_plus_II/Project_Pincinato/EyeTracking/src/ui"/>
					<Add directory="C:/Users/THP/Desktop/Unibern/2018_02/Subjects/C_plus_plus_II/Project_Pincinato/EyeTracking/src/app/common"/>
					<Add directory="C:/Users/THP/Desktop/Unibern/2018_02/Subjects/C_plus_plus_II/Project_Pincinato/EyeTracking/src/app/acquisition"/>
					<Add directory="C:/Users/THP/Desktop/Unibern/2018_02/Subjects/C_plus_plus_II/Project_Pincinato/EyeTracking/src/app/visualisation"/>
					<Add directory="C:/Qt/5.10.0/mingw53_32/include"/>
					<Add directory="C:/Qt/5.10.0/mingw53_32/include/QtWidgets"/>
					<Add directory="C:/Qt/5.10.0/mingw53_32/include/QtGui"/>
					<Add directory="C:/Qt/5.10.0/mingw53_32/include/QtANGLE"/>
					<Add directory="C:/Qt/5.10.0/mingw53_32/include/QtCore"/>
					<Add directory="C:/Qt/5.10.0/mingw53_32/./mkspecs/win32-g++"/>
					<Add directory="C:/Users/THP/Documents/opencv/release"/>
					<Add directory="C:/Users/THP/Documents/opencv/sources/include"/>
					<Add directory="C:/Users/THP/Documents/opencv/sources/include/opencv"/>
					<Add directory="C:/Users/THP/Documents/opencv/sources/modules/core/include"/>
					<Add directory="C:/Users/THP/Documents/opencv/sources/modules/flann/include"/>
					<Add directory="C:/Users/THP/Documents/opencv/sources/modules/imgproc/include"/>
					<Add directory="C:/Users/THP/Documents/opencv/sources/modules/ml/include"/>
					<Add directory="C:/Users/THP/Documents/opencv/sources/modules/objdetect/include"/>
					<Add directory="C:/Users/THP/Documents/opencv/sources/modules/photo/include"/>
					<Add directory="C:/Users/THP/Documents/opencv/sources/modules/video/include"/>
					<Add directory="C:/Users/THP/Documents/opencv/sources/modules/dnn/include"/>
					<Add directory="C:/Users/THP/Documents/opencv/sources/modules/imgcodecs/include"/>
					<Add directory="C:/Users/THP/Documents/opencv/sources/modules/shape/include"/>
					<Add directory="C:/Users/THP/Documents/opencv/sources/modules/videoio/include"/>
					<Add directory="C:/Users/THP/Documents/opencv/sources/modules/highgui/include"/>
					<Add directory="C:/Users/THP/Documents/opencv/sources/modules/superres/include"/>
					<Add directory="C:/Users/THP/Documents/opencv/sources/modules/ts/include"/>
					<Add directory="C:/Users/THP/Documents/opencv/sources/modules/features2d/include"/>
					<Add directory="C:/Users/THP/Documents/opencv/sources/modules/calib3d/include"/>
					<Add directory="C:/Users/THP/Documents/opencv/sources/modules/stitching/include"/>
					<Add directory="C:/Users/THP/Documents/opencv/sources/modules/videostab/include"/>
					<Add directory="C:/Qt/Tools/mingw530_32/bin/../lib/gcc/i686-w64-mingw32/5.3.0/include"/>
					<Add directory="C:/Qt/Tools/mingw530_32/bin/../lib/gcc/i686-w64-mingw32/5.3.0/include-fixed"/>
					<Add directory="C:/Qt/Tools/mingw530_32/bin/../lib/gcc/i686-w64-mingw32/5.3.0/../../../../i686-w64-mingw32/include"/>
					<Add directory="C:/Qt/Tools/mingw530_32/lib/gcc/../../i686-w64-mingw32/include/c++"/>
					<Add directory="C:/Qt/Tools/mingw530_32/lib/gcc/../../i686-w64-mingw32/include/c++/i686-w64-mingw32"/>
					<Add directory="C:/Qt/Tools/mingw530_32/lib/gcc/../../i686-w64-mingw32/include/c++/backward"/>
				</Compiler>
				<MakeCommands>
					<Build command="C:/Qt/Tools/mingw530_32/bin/mingw32-make.exe -f &quot;C:/Users/THP/Desktop/Unibern/2018_02/Subjects/C_plus_plus_II/Project_Pincinato/build-EyeTracking-Desktop_Qt_5_10_0_MinGW_32bit-Default/Makefile&quot;  VERBOSE=1 PCP"/>
					<CompileFile command="C:/Qt/Tools/mingw530_32/bin/mingw32-make.exe -f &quot;C:/Users/THP/Desktop/Unibern/2018_02/Subjects/C_plus_plus_II/Project_Pincinato/build-EyeTracking-Desktop_Qt_5_10_0_MinGW_32bit-Default/Makefile&quot;  VERBOSE=1 &quot;$file&quot;"/>
					<Clean command="C:/Qt/Tools/mingw530_32/bin/mingw32-make.exe -f &quot;C:/Users/THP/Desktop/Unibern/2018_02/Subjects/C_plus_plus_II/Project_Pincinato/build-EyeTracking-Desktop_Qt_5_10_0_MinGW_32bit-Default/Makefile&quot;  VERBOSE=1 clean"/>
					<DistClean command="C:/Qt/Tools/mingw530_32/bin/mingw32-make.exe -f &quot;C:/Users/THP/Desktop/Unibern/2018_02/Subjects/C_plus_plus_II/Project_Pincinato/build-EyeTracking-Desktop_Qt_5_10_0_MinGW_32bit-Default/Makefile&quot;  VERBOSE=1 clean"/>
				</MakeCommands>
			</Target>
			<Target title="PCP/fast">
				<Option output="C:/Users/THP/Desktop/Unibern/2018_02/Subjects/C_plus_plus_II/Project_Pincinato/build-EyeTracking-Desktop_Qt_5_10_0_MinGW_32bit-Default/PCP.exe" prefix_auto="0" extension_auto="0"/>
				<Option working_dir="C:/Users/THP/Desktop/Unibern/2018_02/Subjects/C_plus_plus_II/Project_Pincinato/build-EyeTracking-Desktop_Qt_5_10_0_MinGW_32bit-Default"/>
				<Option object_output="./"/>
				<Option type="1"/>
				<Option compiler="gcc"/>
				<Compiler>
					<Add option="-DQT_WIDGETS_LIB"/>
					<Add option="-DQT_GUI_LIB"/>
					<Add option="-DQT_CORE_LIB"/>
					<Add option="-DQT_NO_DEBUG"/>
					<Add directory="C:/Users/THP/Desktop/Unibern/2018_02/Subjects/C_plus_plus_II/Project_Pincinato/build-EyeTracking-Desktop_Qt_5_10_0_MinGW_32bit-Default"/>
					<Add directory="C:/Users/THP/Desktop/Unibern/2018_02/Subjects/C_plus_plus_II/Project_Pincinato/EyeTracking"/>
					<Add directory="C:/Users/THP/Desktop/Unibern/2018_02/Subjects/C_plus_plus_II/Project_Pincinato/EyeTracking/src/ui"/>
					<Add directory="C:/Users/THP/Desktop/Unibern/2018_02/Subjects/C_plus_plus_II/Project_Pincinato/EyeTracking/src/app/common"/>
					<Add directory="C:/Users/THP/Desktop/Unibern/2018_02/Subjects/C_plus_plus_II/Project_Pincinato/EyeTracking/src/app/acquisition"/>
					<Add directory="C:/Users/THP/Desktop/Unibern/2018_02/Subjects/C_plus_plus_II/Project_Pincinato/EyeTracking/src/app/visualisation"/>
					<Add directory="C:/Qt/5.10.0/mingw53_32/include"/>
					<Add directory="C:/Qt/5.10.0/mingw53_32/include/QtWidgets"/>
					<Add directory="C:/Qt/5.10.0/mingw53_32/include/QtGui"/>
					<Add directory="C:/Qt/5.10.0/mingw53_32/include/QtANGLE"/>
					<Add directory="C:/Qt/5.10.0/mingw53_32/include/QtCore"/>
					<Add directory="C:/Qt/5.10.0/mingw53_32/./mkspecs/win32-g++"/>
					<Add directory="C:/Users/THP/Documents/opencv/release"/>
					<Add directory="C:/Users/THP/Documents/opencv/sources/include"/>
					<Add directory="C:/Users/THP/Documents/opencv/sources/include/opencv"/>
					<Add directory="C:/Users/THP/Documents/opencv/sources/modules/core/include"/>
					<Add directory="C:/Users/THP/Documents/opencv/sources/modules/flann/include"/>
					<Add directory="C:/Users/THP/Documents/opencv/sources/modules/imgproc/include"/>
					<Add directory="C:/Users/THP/Documents/opencv/sources/modules/ml/include"/>
					<Add directory="C:/Users/THP/Documents/opencv/sources/modules/objdetect/include"/>
					<Add directory="C:/Users/THP/Documents/opencv/sources/modules/photo/include"/>
					<Add directory="C:/Users/THP/Documents/opencv/sources/modules/video/include"/>
					<Add directory="C:/Users/THP/Documents/opencv/sources/modules/dnn/include"/>
					<Add directory="C:/Users/THP/Documents/opencv/sources/modules/imgcodecs/include"/>
					<Add directory="C:/Users/THP/Documents/opencv/sources/modules/shape/include"/>
					<Add directory="C:/Users/THP/Documents/opencv/sources/modules/videoio/include"/>
					<Add directory="C:/Users/THP/Documents/opencv/sources/modules/highgui/include"/>
					<Add directory="C:/Users/THP/Documents/opencv/sources/modules/superres/include"/>
					<Add directory="C:/Users/THP/Documents/opencv/sources/modules/ts/include"/>
					<Add directory="C:/Users/THP/Documents/opencv/sources/modules/features2d/include"/>
					<Add directory="C:/Users/THP/Documents/opencv/sources/modules/calib3d/include"/>
					<Add directory="C:/Users/THP/Documents/opencv/sources/modules/stitching/include"/>
					<Add directory="C:/Users/THP/Documents/opencv/sources/modules/videostab/include"/>
					<Add directory="C:/Qt/Tools/mingw530_32/bin/../lib/gcc/i686-w64-mingw32/5.3.0/include"/>
					<Add directory="C:/Qt/Tools/mingw530_32/bin/../lib/gcc/i686-w64-mingw32/5.3.0/include-fixed"/>
					<Add directory="C:/Qt/Tools/mingw530_32/bin/../lib/gcc/i686-w64-mingw32/5.3.0/../../../../i686-w64-mingw32/include"/>
					<Add directory="C:/Qt/Tools/mingw530_32/lib/gcc/../../i686-w64-mingw32/include/c++"/>
					<Add directory="C:/Qt/Tools/mingw530_32/lib/gcc/../../i686-w64-mingw32/include/c++/i686-w64-mingw32"/>
					<Add directory="C:/Qt/Tools/mingw530_32/lib/gcc/../../i686-w64-mingw32/include/c++/backward"/>
				</Compiler>
				<MakeCommands>
					<Build command="C:/Qt/Tools/mingw530_32/bin/mingw32-make.exe -f &quot;C:/Users/THP/Desktop/Unibern/2018_02/Subjects/C_plus_plus_II/Project_Pincinato/build-EyeTracking-Desktop_Qt_5_10_0_MinGW_32bit-Default/Makefile&quot;  VERBOSE=1 PCP/fast"/>
					<CompileFile command="C:/Qt/Tools/mingw530_32/bin/mingw32-make.exe -f &quot;C:/Users/THP/Desktop/Unibern/2018_02/Subjects/C_plus_plus_II/Project_Pincinato/build-EyeTracking-Desktop_Qt_5_10_0_MinGW_32bit-Default/Makefile&quot;  VERBOSE=1 &quot;$file&quot;"/>
					<Clean command="C:/Qt/Tools/mingw530_32/bin/mingw32-make.exe -f &quot;C:/Users/THP/Desktop/Unibern/2018_02/Subjects/C_plus_plus_II/Project_Pincinato/build-EyeTracking-Desktop_Qt_5_10_0_MinGW_32bit-Default/Makefile&quot;  VERBOSE=1 clean"/>
					<DistClean command="C:/Qt/Tools/mingw530_32/bin/mingw32-make.exe -f &quot;C:/Users/THP/Desktop/Unibern/2018_02/Subjects/C_plus_plus_II/Project_Pincinato/build-EyeTracking-Desktop_Qt_5_10_0_MinGW_32bit-Default/Makefile&quot;  VERBOSE=1 clean"/>
				</MakeCommands>
			</Target>
			<Target title="edit_cache">
				<Option working_dir="C:/Users/THP/Desktop/Unibern/2018_02/Subjects/C_plus_plus_II/Project_Pincinato/build-EyeTracking-Desktop_Qt_5_10_0_MinGW_32bit-Default"/>
				<Option type="4"/>
				<MakeCommands>
					<Build command="C:/Qt/Tools/mingw530_32/bin/mingw32-make.exe -f &quot;C:/Users/THP/Desktop/Unibern/2018_02/Subjects/C_plus_plus_II/Project_Pincinato/build-EyeTracking-Desktop_Qt_5_10_0_MinGW_32bit-Default/Makefile&quot;  VERBOSE=1 edit_cache"/>
					<CompileFile command="C:/Qt/Tools/mingw530_32/bin/mingw32-make.exe -f &quot;C:/Users/THP/Desktop/Unibern/2018_02/Subjects/C_plus_plus_II/Project_Pincinato/build-EyeTracking-Desktop_Qt_5_10_0_MinGW_32bit-Default/Makefile&quot;  VERBOSE=1 &quot;$file&quot;"/>
					<Clean command="C:/Qt/Tools/mingw530_32/bin/mingw32-make.exe -f &quot;C:/Users/THP/Desktop/Unibern/2018_02/Subjects/C_plus_plus_II/Project_Pincinato/build-EyeTracking-Desktop_Qt_5_10_0_MinGW_32bit-Default/Makefile&quot;  VERBOSE=1 clean"/>
					<DistClean command="C:/Qt/Tools/mingw530_32/bin/mingw32-make.exe -f &quot;C:/Users/THP/Desktop/Unibern/2018_02/Subjects/C_plus_plus_II/Project_Pincinato/build-EyeTracking-Desktop_Qt_5_10_0_MinGW_32bit-Default/Makefile&quot;  VERBOSE=1 clean"/>
				</MakeCommands>
			</Target>
			<Target title="rebuild_cache">
				<Option working_dir="C:/Users/THP/Desktop/Unibern/2018_02/Subjects/C_plus_plus_II/Project_Pincinato/build-EyeTracking-Desktop_Qt_5_10_0_MinGW_32bit-Default"/>
				<Option type="4"/>
				<MakeCommands>
					<Build command="C:/Qt/Tools/mingw530_32/bin/mingw32-make.exe -f &quot;C:/Users/THP/Desktop/Unibern/2018_02/Subjects/C_plus_plus_II/Project_Pincinato/build-EyeTracking-Desktop_Qt_5_10_0_MinGW_32bit-Default/Makefile&quot;  VERBOSE=1 rebuild_cache"/>
					<CompileFile command="C:/Qt/Tools/mingw530_32/bin/mingw32-make.exe -f &quot;C:/Users/THP/Desktop/Unibern/2018_02/Subjects/C_plus_plus_II/Project_Pincinato/build-EyeTracking-Desktop_Qt_5_10_0_MinGW_32bit-Default/Makefile&quot;  VERBOSE=1 &quot;$file&quot;"/>
					<Clean command="C:/Qt/Tools/mingw530_32/bin/mingw32-make.exe -f &quot;C:/Users/THP/Desktop/Unibern/2018_02/Subjects/C_plus_plus_II/Project_Pincinato/build-EyeTracking-Desktop_Qt_5_10_0_MinGW_32bit-Default/Makefile&quot;  VERBOSE=1 clean"/>
					<DistClean command="C:/Qt/Tools/mingw530_32/bin/mingw32-make.exe -f &quot;C:/Users/THP/Desktop/Unibern/2018_02/Subjects/C_plus_plus_II/Project_Pincinato/build-EyeTracking-Desktop_Qt_5_10_0_MinGW_32bit-Default/Makefile&quot;  VERBOSE=1 clean"/>
				</MakeCommands>
			</Target>
			<Target title="PCP_automoc">
				<Option working_dir="C:/Users/THP/Desktop/Unibern/2018_02/Subjects/C_plus_plus_II/Project_Pincinato/build-EyeTracking-Desktop_Qt_5_10_0_MinGW_32bit-Default"/>
				<Option type="4"/>
				<MakeCommands>
					<Build command="C:/Qt/Tools/mingw530_32/bin/mingw32-make.exe -f &quot;C:/Users/THP/Desktop/Unibern/2018_02/Subjects/C_plus_plus_II/Project_Pincinato/build-EyeTracking-Desktop_Qt_5_10_0_MinGW_32bit-Default/Makefile&quot;  VERBOSE=1 PCP_automoc"/>
					<CompileFile command="C:/Qt/Tools/mingw530_32/bin/mingw32-make.exe -f &quot;C:/Users/THP/Desktop/Unibern/2018_02/Subjects/C_plus_plus_II/Project_Pincinato/build-EyeTracking-Desktop_Qt_5_10_0_MinGW_32bit-Default/Makefile&quot;  VERBOSE=1 &quot;$file&quot;"/>
					<Clean command="C:/Qt/Tools/mingw530_32/bin/mingw32-make.exe -f &quot;C:/Users/THP/Desktop/Unibern/2018_02/Subjects/C_plus_plus_II/Project_Pincinato/build-EyeTracking-Desktop_Qt_5_10_0_MinGW_32bit-Default/Makefile&quot;  VERBOSE=1 clean"/>
					<DistClean command="C:/Qt/Tools/mingw530_32/bin/mingw32-make.exe -f &quot;C:/Users/THP/Desktop/Unibern/2018_02/Subjects/C_plus_plus_II/Project_Pincinato/build-EyeTracking-Desktop_Qt_5_10_0_MinGW_32bit-Default/Makefile&quot;  VERBOSE=1 clean"/>
				</MakeCommands>
			</Target>
		</Build>
		<Unit filename="C:/Users/THP/Desktop/Unibern/2018_02/Subjects/C_plus_plus_II/Project_Pincinato/EyeTracking/src/app/acquisition/USBcamera.cpp">
			<Option target="PCP"/>
		</Unit>
		<Unit filename="C:/Users/THP/Desktop/Unibern/2018_02/Subjects/C_plus_plus_II/Project_Pincinato/EyeTracking/src/app/acquisition/USBcamera.h">
			<Option target="PCP"/>
		</Unit>
		<Unit filename="C:/Users/THP/Desktop/Unibern/2018_02/Subjects/C_plus_plus_II/Project_Pincinato/EyeTracking/src/app/acquisition/VCamera.cpp">
			<Option target="PCP"/>
		</Unit>
		<Unit filename="C:/Users/THP/Desktop/Unibern/2018_02/Subjects/C_plus_plus_II/Project_Pincinato/EyeTracking/src/app/acquisition/VCamera.h">
			<Option target="PCP"/>
		</Unit>
		<Unit filename="C:/Users/THP/Desktop/Unibern/2018_02/Subjects/C_plus_plus_II/Project_Pincinato/EyeTracking/src/app/acquisition/basecamera.h">
			<Option target="PCP"/>
		</Unit>
		<Unit filename="C:/Users/THP/Desktop/Unibern/2018_02/Subjects/C_plus_plus_II/Project_Pincinato/EyeTracking/src/app/acquisition/basecamerafactory.h">
			<Option target="PCP"/>
		</Unit>
		<Unit filename="C:/Users/THP/Desktop/Unibern/2018_02/Subjects/C_plus_plus_II/Project_Pincinato/EyeTracking/src/app/acquisition/camera.cpp">
			<Option target="PCP"/>
		</Unit>
		<Unit filename="C:/Users/THP/Desktop/Unibern/2018_02/Subjects/C_plus_plus_II/Project_Pincinato/EyeTracking/src/app/acquisition/camera.h">
			<Option target="PCP"/>
		</Unit>
		<Unit filename="C:/Users/THP/Desktop/Unibern/2018_02/Subjects/C_plus_plus_II/Project_Pincinato/EyeTracking/src/app/acquisition/icamera.h">
			<Option target="PCP"/>
		</Unit>
		<Unit filename="C:/Users/THP/Desktop/Unibern/2018_02/Subjects/C_plus_plus_II/Project_Pincinato/EyeTracking/src/app/common/control.cpp">
			<Option target="PCP"/>
		</Unit>
		<Unit filename="C:/Users/THP/Desktop/Unibern/2018_02/Subjects/C_plus_plus_II/Project_Pincinato/EyeTracking/src/app/common/control.h">
			<Option target="PCP"/>
		</Unit>
		<Unit filename="C:/Users/THP/Desktop/Unibern/2018_02/Subjects/C_plus_plus_II/Project_Pincinato/EyeTracking/src/app/common/dataBuffer.cpp">
			<Option target="PCP"/>
		</Unit>
		<Unit filename="C:/Users/THP/Desktop/Unibern/2018_02/Subjects/C_plus_plus_II/Project_Pincinato/EyeTracking/src/app/common/dataBuffer.h">
			<Option target="PCP"/>
		</Unit>
		<Unit filename="C:/Users/THP/Desktop/Unibern/2018_02/Subjects/C_plus_plus_II/Project_Pincinato/EyeTracking/src/app/common/dataBufferPool.cpp">
			<Option target="PCP"/>
		</Unit>
		<Unit filename="C:/Users/THP/Desktop/Unibern/2018_02/Subjects/C_plus_plus_II/Project_Pincinato/EyeTracking/src/app/common/dataBufferPool.h">
			<Option target="PCP"/>
		</Unit>
		<Unit filename="C:/Users/THP/Desktop/Unibern/2018_02/Subjects/C_plus_plus_II/Project_Pincinato/EyeTracking/src/app/common/eyeDetector.cpp">
			<Option target="PCP"/>
		</Unit>
		<Unit filename="C:/Users/THP/Desktop/Unibern/2018_02/Subjects/C_plus_plus_II/Project_Pincinato/EyeTracking/src/app/common/eyeDetector.h">
			<Option target="PCP"/>
		</Unit>
		<Unit filename="C:/Users/THP/Desktop/Unibern/2018_02/Subjects/C_plus_plus_II/Project_Pincinato/EyeTracking/src/app/common/eyeanalyser.cpp">
			<Option target="PCP"/>
		</Unit>
		<Unit filename="C:/Users/THP/Desktop/Unibern/2018_02/Subjects/C_plus_plus_II/Project_Pincinato/EyeTracking/src/app/common/eyeanalyser.h">
			<Option target="PCP"/>
		</Unit>
		<Unit filename="C:/Users/THP/Desktop/Unibern/2018_02/Subjects/C_plus_plus_II/Project_Pincinato/EyeTracking/src/app/common/icontrol.h">
			<Option target="PCP"/>
		</Unit>
		<Unit filename="C:/Users/THP/Desktop/Unibern/2018_02/Subjects/C_plus_plus_II/Project_Pincinato/EyeTracking/src/app/visualisation/rOg_image.cpp">
			<Option target="PCP"/>
		</Unit>
		<Unit filename="C:/Users/THP/Desktop/Unibern/2018_02/Subjects/C_plus_plus_II/Project_Pincinato/EyeTracking/src/app/visualisation/rOg_image.h">
			<Option target="PCP"/>
		</Unit>
		<Unit filename="C:/Users/THP/Desktop/Unibern/2018_02/Subjects/C_plus_plus_II/Project_Pincinato/EyeTracking/src/app/visualisation/videoVisualizer.cpp">
			<Option target="PCP"/>
		</Unit>
		<Unit filename="C:/Users/THP/Desktop/Unibern/2018_02/Subjects/C_plus_plus_II/Project_Pincinato/EyeTracking/src/app/visualisation/videoVisualizer.h">
			<Option target="PCP"/>
		</Unit>
		<Unit filename="C:/Users/THP/Desktop/Unibern/2018_02/Subjects/C_plus_plus_II/Project_Pincinato/EyeTracking/src/main.cpp">
			<Option target="PCP"/>
		</Unit>
		<Unit filename="C:/Users/THP/Desktop/Unibern/2018_02/Subjects/C_plus_plus_II/Project_Pincinato/EyeTracking/src/ui/actionwidget.cpp">
			<Option target="PCP"/>
		</Unit>
		<Unit filename="C:/Users/THP/Desktop/Unibern/2018_02/Subjects/C_plus_plus_II/Project_Pincinato/EyeTracking/src/ui/actionwidget.h">
			<Option target="PCP"/>
		</Unit>
		<Unit filename="C:/Users/THP/Desktop/Unibern/2018_02/Subjects/C_plus_plus_II/Project_Pincinato/EyeTracking/src/ui/actionwidget.ui">
			<Option target="PCP"/>
		</Unit>
		<Unit filename="C:/Users/THP/Desktop/Unibern/2018_02/Subjects/C_plus_plus_II/Project_Pincinato/EyeTracking/src/ui/calibrationwidget.cpp">
			<Option target="PCP"/>
		</Unit>
		<Unit filename="C:/Users/THP/Desktop/Unibern/2018_02/Subjects/C_plus_plus_II/Project_Pincinato/EyeTracking/src/ui/calibrationwidget.h">
			<Option target="PCP"/>
		</Unit>
		<Unit filename="C:/Users/THP/Desktop/Unibern/2018_02/Subjects/C_plus_plus_II/Project_Pincinato/EyeTracking/src/ui/calibrationwidget.ui">
			<Option target="PCP"/>
		</Unit>
		<Unit filename="C:/Users/THP/Desktop/Unibern/2018_02/Subjects/C_plus_plus_II/Project_Pincinato/EyeTracking/src/ui/icalibrationwidget.h">
			<Option target="PCP"/>
		</Unit>
		<Unit filename="C:/Users/THP/Desktop/Unibern/2018_02/Subjects/C_plus_plus_II/Project_Pincinato/EyeTracking/src/ui/mainwindow.cpp">
			<Option target="PCP"/>
		</Unit>
		<Unit filename="C:/Users/THP/Desktop/Unibern/2018_02/Subjects/C_plus_plus_II/Project_Pincinato/EyeTracking/src/ui/mainwindow.h">
			<Option target="PCP"/>
		</Unit>
		<Unit filename="C:/Users/THP/Desktop/Unibern/2018_02/Subjects/C_plus_plus_II/Project_Pincinato/EyeTracking/src/ui/mainwindow.ui">
			<Option target="PCP"/>
		</Unit>
		<Unit filename="C:/Users/THP/Desktop/Unibern/2018_02/Subjects/C_plus_plus_II/Project_Pincinato/EyeTracking/src/ui/widget.cpp">
			<Option target="PCP"/>
		</Unit>
		<Unit filename="C:/Users/THP/Desktop/Unibern/2018_02/Subjects/C_plus_plus_II/Project_Pincinato/EyeTracking/src/ui/widget.h">
			<Option target="PCP"/>
		</Unit>
		<Unit filename="C:/Users/THP/Desktop/Unibern/2018_02/Subjects/C_plus_plus_II/Project_Pincinato/EyeTracking/src/ui/widget.ui">
			<Option target="PCP"/>
		</Unit>
		<Unit filename="C:/Users/THP/Desktop/Unibern/2018_02/Subjects/C_plus_plus_II/Project_Pincinato/build-EyeTracking-Desktop_Qt_5_10_0_MinGW_32bit-Default/PCP_automoc.cpp">
			<Option target="PCP"/>
		</Unit>
		<Unit filename="C:/Users/THP/Desktop/Unibern/2018_02/Subjects/C_plus_plus_II/Project_Pincinato/EyeTracking/CMakeLists.txt">
			<Option virtualFolder="CMake Files\"/>
		</Unit>
		<Unit filename="C:/Users/THP/Desktop/Unibern/2018_02/Subjects/C_plus_plus_II/Project_Pincinato/EyeTracking/../../../../../../../../../Qt/5.10.0/mingw53_32/lib/cmake/Qt5Core/Qt5CoreConfigVersion.cmake">
			<Option virtualFolder="CMake Files\..\..\..\..\..\..\..\..\..\Qt\5.10.0\mingw53_32\lib\cmake\Qt5Core\"/>
		</Unit>
		<Unit filename="C:/Users/THP/Desktop/Unibern/2018_02/Subjects/C_plus_plus_II/Project_Pincinato/EyeTracking/../../../../../../../../../Qt/5.10.0/mingw53_32/lib/cmake/Qt5Core/Qt5CoreConfig.cmake">
			<Option virtualFolder="CMake Files\..\..\..\..\..\..\..\..\..\Qt\5.10.0\mingw53_32\lib\cmake\Qt5Core\"/>
		</Unit>
		<Unit filename="C:/Users/THP/Desktop/Unibern/2018_02/Subjects/C_plus_plus_II/Project_Pincinato/EyeTracking/../../../../../../../../../Qt/5.10.0/mingw53_32/lib/cmake/Qt5Core/Qt5CoreConfigExtras.cmake">
			<Option virtualFolder="CMake Files\..\..\..\..\..\..\..\..\..\Qt\5.10.0\mingw53_32\lib\cmake\Qt5Core\"/>
		</Unit>
		<Unit filename="C:/Users/THP/Desktop/Unibern/2018_02/Subjects/C_plus_plus_II/Project_Pincinato/EyeTracking/../../../../../../../../../Qt/5.10.0/mingw53_32/lib/cmake/Qt5Core/Qt5CoreConfigExtrasMkspecDir.cmake">
			<Option virtualFolder="CMake Files\..\..\..\..\..\..\..\..\..\Qt\5.10.0\mingw53_32\lib\cmake\Qt5Core\"/>
		</Unit>
		<Unit filename="C:/Users/THP/Desktop/Unibern/2018_02/Subjects/C_plus_plus_II/Project_Pincinato/EyeTracking/../../../../../../../../../Qt/5.10.0/mingw53_32/lib/cmake/Qt5Core/Qt5CoreMacros.cmake">
			<Option virtualFolder="CMake Files\..\..\..\..\..\..\..\..\..\Qt\5.10.0\mingw53_32\lib\cmake\Qt5Core\"/>
		</Unit>
		<Unit filename="C:/Users/THP/Desktop/Unibern/2018_02/Subjects/C_plus_plus_II/Project_Pincinato/EyeTracking/../../../../../../../../../Qt/5.10.0/mingw53_32/lib/cmake/Qt5Widgets/Qt5WidgetsConfigVersion.cmake">
			<Option virtualFolder="CMake Files\..\..\..\..\..\..\..\..\..\Qt\5.10.0\mingw53_32\lib\cmake\Qt5Widgets\"/>
		</Unit>
		<Unit filename="C:/Users/THP/Desktop/Unibern/2018_02/Subjects/C_plus_plus_II/Project_Pincinato/EyeTracking/../../../../../../../../../Qt/5.10.0/mingw53_32/lib/cmake/Qt5Widgets/Qt5WidgetsConfig.cmake">
			<Option virtualFolder="CMake Files\..\..\..\..\..\..\..\..\..\Qt\5.10.0\mingw53_32\lib\cmake\Qt5Widgets\"/>
		</Unit>
		<Unit filename="C:/Users/THP/Desktop/Unibern/2018_02/Subjects/C_plus_plus_II/Project_Pincinato/EyeTracking/../../../../../../../../../Qt/5.10.0/mingw53_32/lib/cmake/Qt5Widgets/Qt5Widgets_QWindowsVistaStylePlugin.cmake">
			<Option virtualFolder="CMake Files\..\..\..\..\..\..\..\..\..\Qt\5.10.0\mingw53_32\lib\cmake\Qt5Widgets\"/>
		</Unit>
		<Unit filename="C:/Users/THP/Desktop/Unibern/2018_02/Subjects/C_plus_plus_II/Project_Pincinato/EyeTracking/../../../../../../../../../Qt/5.10.0/mingw53_32/lib/cmake/Qt5Widgets/Qt5WidgetsConfigExtras.cmake">
			<Option virtualFolder="CMake Files\..\..\..\..\..\..\..\..\..\Qt\5.10.0\mingw53_32\lib\cmake\Qt5Widgets\"/>
		</Unit>
		<Unit filename="C:/Users/THP/Desktop/Unibern/2018_02/Subjects/C_plus_plus_II/Project_Pincinato/EyeTracking/../../../../../../../../../Qt/5.10.0/mingw53_32/lib/cmake/Qt5Widgets/Qt5WidgetsMacros.cmake">
			<Option virtualFolder="CMake Files\..\..\..\..\..\..\..\..\..\Qt\5.10.0\mingw53_32\lib\cmake\Qt5Widgets\"/>
		</Unit>
		<Unit filename="C:/Users/THP/Desktop/Unibern/2018_02/Subjects/C_plus_plus_II/Project_Pincinato/EyeTracking/../../../../../../../../../Qt/5.10.0/mingw53_32/lib/cmake/Qt5Gui/Qt5GuiConfigVersion.cmake">
			<Option virtualFolder="CMake Files\..\..\..\..\..\..\..\..\..\Qt\5.10.0\mingw53_32\lib\cmake\Qt5Gui\"/>
		</Unit>
		<Unit filename="C:/Users/THP/Desktop/Unibern/2018_02/Subjects/C_plus_plus_II/Project_Pincinato/EyeTracking/../../../../../../../../../Qt/5.10.0/mingw53_32/lib/cmake/Qt5Gui/Qt5GuiConfig.cmake">
			<Option virtualFolder="CMake Files\..\..\..\..\..\..\..\..\..\Qt\5.10.0\mingw53_32\lib\cmake\Qt5Gui\"/>
		</Unit>
		<Unit filename="C:/Users/THP/Desktop/Unibern/2018_02/Subjects/C_plus_plus_II/Project_Pincinato/EyeTracking/../../../../../../../../../Qt/5.10.0/mingw53_32/lib/cmake/Qt5Gui/Qt5Gui_QGifPlugin.cmake">
			<Option virtualFolder="CMake Files\..\..\..\..\..\..\..\..\..\Qt\5.10.0\mingw53_32\lib\cmake\Qt5Gui\"/>
		</Unit>
		<Unit filename="C:/Users/THP/Desktop/Unibern/2018_02/Subjects/C_plus_plus_II/Project_Pincinato/EyeTracking/../../../../../../../../../Qt/5.10.0/mingw53_32/lib/cmake/Qt5Gui/Qt5Gui_QICNSPlugin.cmake">
			<Option virtualFolder="CMake Files\..\..\..\..\..\..\..\..\..\Qt\5.10.0\mingw53_32\lib\cmake\Qt5Gui\"/>
		</Unit>
		<Unit filename="C:/Users/THP/Desktop/Unibern/2018_02/Subjects/C_plus_plus_II/Project_Pincinato/EyeTracking/../../../../../../../../../Qt/5.10.0/mingw53_32/lib/cmake/Qt5Gui/Qt5Gui_QICOPlugin.cmake">
			<Option virtualFolder="CMake Files\..\..\..\..\..\..\..\..\..\Qt\5.10.0\mingw53_32\lib\cmake\Qt5Gui\"/>
		</Unit>
		<Unit filename="C:/Users/THP/Desktop/Unibern/2018_02/Subjects/C_plus_plus_II/Project_Pincinato/EyeTracking/../../../../../../../../../Qt/5.10.0/mingw53_32/lib/cmake/Qt5Gui/Qt5Gui_QJpegPlugin.cmake">
			<Option virtualFolder="CMake Files\..\..\..\..\..\..\..\..\..\Qt\5.10.0\mingw53_32\lib\cmake\Qt5Gui\"/>
		</Unit>
		<Unit filename="C:/Users/THP/Desktop/Unibern/2018_02/Subjects/C_plus_plus_II/Project_Pincinato/EyeTracking/../../../../../../../../../Qt/5.10.0/mingw53_32/lib/cmake/Qt5Gui/Qt5Gui_QMinimalIntegrationPlugin.cmake">
			<Option virtualFolder="CMake Files\..\..\..\..\..\..\..\..\..\Qt\5.10.0\mingw53_32\lib\cmake\Qt5Gui\"/>
		</Unit>
		<Unit filename="C:/Users/THP/Desktop/Unibern/2018_02/Subjects/C_plus_plus_II/Project_Pincinato/EyeTracking/../../../../../../../../../Qt/5.10.0/mingw53_32/lib/cmake/Qt5Gui/Qt5Gui_QOffscreenIntegrationPlugin.cmake">
			<Option virtualFolder="CMake Files\..\..\..\..\..\..\..\..\..\Qt\5.10.0\mingw53_32\lib\cmake\Qt5Gui\"/>
		</Unit>
		<Unit filename="C:/Users/THP/Desktop/Unibern/2018_02/Subjects/C_plus_plus_II/Project_Pincinato/EyeTracking/../../../../../../../../../Qt/5.10.0/mingw53_32/lib/cmake/Qt5Gui/Qt5Gui_QTgaPlugin.cmake">
			<Option virtualFolder="CMake Files\..\..\..\..\..\..\..\..\..\Qt\5.10.0\mingw53_32\lib\cmake\Qt5Gui\"/>
		</Unit>
		<Unit filename="C:/Users/THP/Desktop/Unibern/2018_02/Subjects/C_plus_plus_II/Project_Pincinato/EyeTracking/../../../../../../../../../Qt/5.10.0/mingw53_32/lib/cmake/Qt5Gui/Qt5Gui_QTiffPlugin.cmake">
			<Option virtualFolder="CMake Files\..\..\..\..\..\..\..\..\..\Qt\5.10.0\mingw53_32\lib\cmake\Qt5Gui\"/>
		</Unit>
		<Unit filename="C:/Users/THP/Desktop/Unibern/2018_02/Subjects/C_plus_plus_II/Project_Pincinato/EyeTracking/../../../../../../../../../Qt/5.10.0/mingw53_32/lib/cmake/Qt5Gui/Qt5Gui_QTuioTouchPlugin.cmake">
			<Option virtualFolder="CMake Files\..\..\..\..\..\..\..\..\..\Qt\5.10.0\mingw53_32\lib\cmake\Qt5Gui\"/>
		</Unit>
		<Unit filename="C:/Users/THP/Desktop/Unibern/2018_02/Subjects/C_plus_plus_II/Project_Pincinato/EyeTracking/../../../../../../../../../Qt/5.10.0/mingw53_32/lib/cmake/Qt5Gui/Qt5Gui_QWbmpPlugin.cmake">
			<Option virtualFolder="CMake Files\..\..\..\..\..\..\..\..\..\Qt\5.10.0\mingw53_32\lib\cmake\Qt5Gui\"/>
		</Unit>
		<Unit filename="C:/Users/THP/Desktop/Unibern/2018_02/Subjects/C_plus_plus_II/Project_Pincinato/EyeTracking/../../../../../../../../../Qt/5.10.0/mingw53_32/lib/cmake/Qt5Gui/Qt5Gui_QWebpPlugin.cmake">
			<Option virtualFolder="CMake Files\..\..\..\..\..\..\..\..\..\Qt\5.10.0\mingw53_32\lib\cmake\Qt5Gui\"/>
		</Unit>
		<Unit filename="C:/Users/THP/Desktop/Unibern/2018_02/Subjects/C_plus_plus_II/Project_Pincinato/EyeTracking/../../../../../../../../../Qt/5.10.0/mingw53_32/lib/cmake/Qt5Gui/Qt5Gui_QWindowsIntegrationPlugin.cmake">
			<Option virtualFolder="CMake Files\..\..\..\..\..\..\..\..\..\Qt\5.10.0\mingw53_32\lib\cmake\Qt5Gui\"/>
		</Unit>
		<Unit filename="C:/Users/THP/Desktop/Unibern/2018_02/Subjects/C_plus_plus_II/Project_Pincinato/EyeTracking/../../../../../../../../../Qt/5.10.0/mingw53_32/lib/cmake/Qt5Gui/Qt5GuiConfigExtras.cmake">
			<Option virtualFolder="CMake Files\..\..\..\..\..\..\..\..\..\Qt\5.10.0\mingw53_32\lib\cmake\Qt5Gui\"/>
		</Unit>
		<Unit filename="C:/Users/THP/Desktop/Unibern/2018_02/Subjects/C_plus_plus_II/Project_Pincinato/EyeTracking/../../../../../../../Documents/opencv/release/OpenCVConfig-version.cmake">
			<Option virtualFolder="CMake Files\..\..\..\..\..\..\..\Documents\opencv\release\"/>
		</Unit>
		<Unit filename="C:/Users/THP/Desktop/Unibern/2018_02/Subjects/C_plus_plus_II/Project_Pincinato/EyeTracking/../../../../../../../Documents/opencv/release/OpenCVConfig.cmake">
			<Option virtualFolder="CMake Files\..\..\..\..\..\..\..\Documents\opencv\release\"/>
		</Unit>
		<Unit filename="C:/Users/THP/Desktop/Unibern/2018_02/Subjects/C_plus_plus_II/Project_Pincinato/EyeTracking/../../../../../../../Documents/opencv/release/OpenCVModules.cmake">
			<Option virtualFolder="CMake Files\..\..\..\..\..\..\..\Documents\opencv\release\"/>
		</Unit>
	</Project>
</CodeBlocks_project_file>
